
Microsoft Visual Studio Solution File, Format Version 12.00
# Visual Studio Version 16
VisualStudioVersion = 16.0.33927.289
MinimumVisualStudioVersion = 10.0.40219.1
Project("{FAE04EC0-301F-11D3-BF4B-00C04F79EFBC}") = "testeemail", "testeemail.csproj", "{B7061947-845E-480B-A5C5-2BB8BBA95B77}"
EndProject
Global
	GlobalSection(SolutionConfigurationPlatforms) = preSolution
		Debug|Any CPU = Debug|Any CPU
		Release|Any CPU = Release|Any CPU
	EndGlobalSection
	GlobalSection(ProjectConfigurationPlatforms) = postSolution
		{B7061947-845E-480B-A5C5-2BB8BBA95B77}.Debug|Any CPU.ActiveCfg = Debug|Any CPU
		{B7061947-845E-480B-A5C5-2BB8BBA95B77}.Debug|Any CPU.Build.0 = Debug|Any CPU
		{B7061947-845E-480B-A5C5-2BB8BBA95B77}.Release|Any CPU.ActiveCfg = Release|Any CPU
		{B7061947-845E-480B-A5C5-2BB8BBA95B77}.Release|Any CPU.Build.0 = Release|Any CPU
	EndGlobalSection
	GlobalSection(SolutionProperties) = preSolution
		HideSolutionNode = FALSE
	EndGlobalSection
	GlobalSection(ExtensibilityGlobals) = postSolution
		SolutionGuid = {34079166-D969-4C73-89D4-451523B87700}
	EndGlobalSection
EndGlobal
